
Microsoft Visual Studio Solution File, Format Version 12.00
# Visual Studio Version 16
VisualStudioVersion = 16.0.30114.105
MinimumVisualStudioVersion = 10.0.40219.1
Project("{FAE04EC0-301F-11D3-BF4B-00C04F79EFBC}") = "Worker", "src\Worker\Worker.csproj", "{9474FC8C-429B-4EA7-BB9F-00F9AE7F675E}"
EndProject
Project("{FAE04EC0-301F-11D3-BF4B-00C04F79EFBC}") = "VotingData", "src\VotingData\VotingData.csproj", "{148B18CF-60E6-4ADC-8680-3E48E207FE79}"
EndProject
Global
	GlobalSection(SolutionConfigurationPlatforms) = preSolution
		Debug|Any CPU = Debug|Any CPU
		Release|Any CPU = Release|Any CPU
	EndGlobalSection
	GlobalSection(SolutionProperties) = preSolution
		HideSolutionNode = FALSE
	EndGlobalSection
	GlobalSection(ProjectConfigurationPlatforms) = postSolution
		{9474FC8C-429B-4EA7-BB9F-00F9AE7F675E}.Debug|Any CPU.ActiveCfg = Debug|Any CPU
		{9474FC8C-429B-4EA7-BB9F-00F9AE7F675E}.Debug|Any CPU.Build.0 = Debug|Any CPU
		{9474FC8C-429B-4EA7-BB9F-00F9AE7F675E}.Release|Any CPU.ActiveCfg = Release|Any CPU
		{9474FC8C-429B-4EA7-BB9F-00F9AE7F675E}.Release|Any CPU.Build.0 = Release|Any CPU
		{148B18CF-60E6-4ADC-8680-3E48E207FE79}.Debug|Any CPU.ActiveCfg = Debug|Any CPU
		{148B18CF-60E6-4ADC-8680-3E48E207FE79}.Debug|Any CPU.Build.0 = Debug|Any CPU
		{148B18CF-60E6-4ADC-8680-3E48E207FE79}.Release|Any CPU.ActiveCfg = Release|Any CPU
		{148B18CF-60E6-4ADC-8680-3E48E207FE79}.Release|Any CPU.Build.0 = Release|Any CPU
	EndGlobalSection
EndGlobal
